
Microsoft Visual Studio Solution File, Format Version 11.00
# Visual Studio 2010
Project("{FAE04EC0-301F-11D3-BF4B-00C04F79EFBC}") = "hotline miami", "Assembly-CSharp.csproj", "{5DCD7882-1275-772B-2DAE-64CD6B99BC73}"
EndProject
Project("{FAE04EC0-301F-11D3-BF4B-00C04F79EFBC}") = "hotline miami", "Assembly-CSharp-Editor.csproj", "{54B3D82F-3D06-801C-5F76-986A1DD873D8}"
EndProject
Global
	GlobalSection(SolutionConfigurationPlatforms) = preSolution
		Debug|Any CPU = Debug|Any CPU
		Release|Any CPU = Release|Any CPU
	EndGlobalSection
	GlobalSection(ProjectConfigurationPlatforms) = postSolution
		{5DCD7882-1275-772B-2DAE-64CD6B99BC73}.Debug|Any CPU.ActiveCfg = Debug|Any CPU
		{5DCD7882-1275-772B-2DAE-64CD6B99BC73}.Debug|Any CPU.Build.0 = Debug|Any CPU
		{5DCD7882-1275-772B-2DAE-64CD6B99BC73}.Release|Any CPU.ActiveCfg = Release|Any CPU
		{5DCD7882-1275-772B-2DAE-64CD6B99BC73}.Release|Any CPU.Build.0 = Release|Any CPU
		{54B3D82F-3D06-801C-5F76-986A1DD873D8}.Debug|Any CPU.ActiveCfg = Debug|Any CPU
		{54B3D82F-3D06-801C-5F76-986A1DD873D8}.Debug|Any CPU.Build.0 = Debug|Any CPU
		{54B3D82F-3D06-801C-5F76-986A1DD873D8}.Release|Any CPU.ActiveCfg = Release|Any CPU
		{54B3D82F-3D06-801C-5F76-986A1DD873D8}.Release|Any CPU.Build.0 = Release|Any CPU
	EndGlobalSection
	GlobalSection(SolutionProperties) = preSolution
		HideSolutionNode = FALSE
	EndGlobalSection
	GlobalSection(MonoDevelopProperties) = preSolution
		StartupItem = Assembly-CSharp.csproj
	EndGlobalSection
EndGlobal
